
Microsoft Visual Studio Solution File, Format Version 12.00
# Visual Studio Version 17
VisualStudioVersion = 17.10.35004.147
MinimumVisualStudioVersion = 10.0.40219.1
Project("{9A19103F-16F7-4668-BE54-9A1E7A4F7556}") = "TesteDengineCore", "TesteDengineCore\TesteDengineCore.csproj", "{51B00DDD-35F3-435B-A011-4C12CCD89BE5}"
EndProject
Project("{9A19103F-16F7-4668-BE54-9A1E7A4F7556}") = "TesteDengine.Application", "TesteDengine.Application\TesteDengine.Application.csproj", "{F167FD1D-4EE0-4EBA-9642-9908BD1455C4}"
EndProject
Project("{9A19103F-16F7-4668-BE54-9A1E7A4F7556}") = "TesteDengine.Domain", "TesteDengine.Domain\TesteDengine.Domain.csproj", "{EFDCB57B-F148-42C0-8F34-EA66AE47D1CA}"
EndProject
Project("{9A19103F-16F7-4668-BE54-9A1E7A4F7556}") = "TesteDengine.Infrastructure", "TesteDengine.Infrastructure\TesteDengine.Infrastructure.csproj", "{4A1B4993-0547-451D-AF87-92909653F258}"
EndProject
Project("{9A19103F-16F7-4668-BE54-9A1E7A4F7556}") = "TesteDengine.Testes", "TesteDengine.Testes\TesteDengine.Testes.csproj", "{3AF97B03-616B-4169-8566-F2E2A8493E8A}"
EndProject
Project("{FAE04EC0-301F-11D3-BF4B-00C04F79EFBC}") = "TesteDengine.WebMVC", "TesteDengine.WebMVC\TesteDengine.WebMVC.csproj", "{F389E840-0A68-436A-9176-02E907D46F47}"
EndProject
Global
	GlobalSection(SolutionConfigurationPlatforms) = preSolution
		Debug|Any CPU = Debug|Any CPU
		Release|Any CPU = Release|Any CPU
	EndGlobalSection
	GlobalSection(ProjectConfigurationPlatforms) = postSolution
		{51B00DDD-35F3-435B-A011-4C12CCD89BE5}.Debug|Any CPU.ActiveCfg = Debug|Any CPU
		{51B00DDD-35F3-435B-A011-4C12CCD89BE5}.Debug|Any CPU.Build.0 = Debug|Any CPU
		{51B00DDD-35F3-435B-A011-4C12CCD89BE5}.Release|Any CPU.ActiveCfg = Release|Any CPU
		{51B00DDD-35F3-435B-A011-4C12CCD89BE5}.Release|Any CPU.Build.0 = Release|Any CPU
		{F167FD1D-4EE0-4EBA-9642-9908BD1455C4}.Debug|Any CPU.ActiveCfg = Debug|Any CPU
		{F167FD1D-4EE0-4EBA-9642-9908BD1455C4}.Debug|Any CPU.Build.0 = Debug|Any CPU
		{F167FD1D-4EE0-4EBA-9642-9908BD1455C4}.Release|Any CPU.ActiveCfg = Release|Any CPU
		{F167FD1D-4EE0-4EBA-9642-9908BD1455C4}.Release|Any CPU.Build.0 = Release|Any CPU
		{EFDCB57B-F148-42C0-8F34-EA66AE47D1CA}.Debug|Any CPU.ActiveCfg = Debug|Any CPU
		{EFDCB57B-F148-42C0-8F34-EA66AE47D1CA}.Debug|Any CPU.Build.0 = Debug|Any CPU
		{EFDCB57B-F148-42C0-8F34-EA66AE47D1CA}.Release|Any CPU.ActiveCfg = Release|Any CPU
		{EFDCB57B-F148-42C0-8F34-EA66AE47D1CA}.Release|Any CPU.Build.0 = Release|Any CPU
		{4A1B4993-0547-451D-AF87-92909653F258}.Debug|Any CPU.ActiveCfg = Debug|Any CPU
		{4A1B4993-0547-451D-AF87-92909653F258}.Debug|Any CPU.Build.0 = Debug|Any CPU
		{4A1B4993-0547-451D-AF87-92909653F258}.Release|Any CPU.ActiveCfg = Release|Any CPU
		{4A1B4993-0547-451D-AF87-92909653F258}.Release|Any CPU.Build.0 = Release|Any CPU
		{3AF97B03-616B-4169-8566-F2E2A8493E8A}.Debug|Any CPU.ActiveCfg = Debug|Any CPU
		{3AF97B03-616B-4169-8566-F2E2A8493E8A}.Debug|Any CPU.Build.0 = Debug|Any CPU
		{3AF97B03-616B-4169-8566-F2E2A8493E8A}.Release|Any CPU.ActiveCfg = Release|Any CPU
		{3AF97B03-616B-4169-8566-F2E2A8493E8A}.Release|Any CPU.Build.0 = Release|Any CPU
		{F389E840-0A68-436A-9176-02E907D46F47}.Debug|Any CPU.ActiveCfg = Debug|Any CPU
		{F389E840-0A68-436A-9176-02E907D46F47}.Debug|Any CPU.Build.0 = Debug|Any CPU
		{F389E840-0A68-436A-9176-02E907D46F47}.Release|Any CPU.ActiveCfg = Release|Any CPU
		{F389E840-0A68-436A-9176-02E907D46F47}.Release|Any CPU.Build.0 = Release|Any CPU
	EndGlobalSection
	GlobalSection(SolutionProperties) = preSolution
		HideSolutionNode = FALSE
	EndGlobalSection
	GlobalSection(ExtensibilityGlobals) = postSolution
		SolutionGuid = {38AC9169-3384-4883-99DB-72E714A006A9}
	EndGlobalSection
EndGlobal
